// !$*UTF8*$!
{
	archiveVersion = 1;
	classes = {
	};
	objectVersion = 46;
	objects = {

/* Begin PBXBuildFile section */
		EEA09B521F1BD7DB0080B600 /* AppDelegate.swift in Sources */ = {isa = PBXBuildFile; fileRef = EEA09B511F1BD7DB0080B600 /* AppDelegate.swift */; };
		EEA09B541F1BD7DB0080B600 /* ViewController.swift in Sources */ = {isa = PBXBuildFile; fileRef = EEA09B531F1BD7DB0080B600 /* ViewController.swift */; };
		EEA09B571F1BD7DB0080B600 /* Main.storyboard in Resources */ = {isa = PBXBuildFile; fileRef = EEA09B551F1BD7DB0080B600 /* Main.storyboard */; };
		EEA09B591F1BD7DB0080B600 /* Assets.xcassets in Resources */ = {isa = PBXBuildFile; fileRef = EEA09B581F1BD7DB0080B600 /* Assets.xcassets */; };
		EEA09B5C1F1BD7DB0080B600 /* LaunchScreen.storyboard in Resources */ = {isa = PBXBuildFile; fileRef = EEA09B5A1F1BD7DB0080B600 /* LaunchScreen.storyboard */; };
/* End PBXBuildFile section */

/* Begin PBXFileReference section */
		EEA09B4E1F1BD7DB0080B600 /* CustomSegmentedControl.app */ = {isa = PBXFileReference; explicitFileType = wrapper.application; includeInIndex = 0; path = CustomSegmentedControl.app; sourceTree = BUILT_PRODUCTS_DIR; };
		EEA09B511F1BD7DB0080B600 /* AppDelegate.swift */ = {isa = PBXFileReference; lastKnownFileType = sourcecode.swift; path = AppDelegate.swift; sourceTree = "<group>"; };
		EEA09B531F1BD7DB0080B600 /* ViewController.swift */ = {isa = PBXFileReference; lastKnownFileType = sourcecode.swift; path = ViewController.swift; sourceTree = "<group>"; };
		EEA09B561F1BD7DB0080B600 /* Base */ = {isa = PBXFileReference; lastKnownFileType = file.storyboard; name = Base; path = Base.lproj/Main.storyboard; sourceTree = "<group>"; };
		EEA09B581F1BD7DB0080B600 /* Assets.xcassets */ = {isa = PBXFileReference; lastKnownFileType = folder.assetcatalog; path = Assets.xcassets; sourceTree = "<group>"; };
		EEA09B5B1F1BD7DB0080B600 /* Base */ = {isa = PBXFileReference; lastKnownFileType = file.storyboard; name = Base; path = Base.lproj/LaunchScreen.storyboard; sourceTree = "<group>"; };
		EEA09B5D1F1BD7DB0080B600 /* Info.plist */ = {isa = PBXFileReference; lastKnownFileType = text.plist.xml; path = Info.plist; sourceTree = "<group>"; };
/* End PBXFileReference section */

/* Begin PBXFrameworksBuildPhase section */
		EEA09B4B1F1BD7DB0080B600 /* Frameworks */ = {
			isa = PBXFrameworksBuildPhase;
			buildActionMask = 2147483647;
			files = (
			);
			runOnlyForDeploymentPostprocessing = 0;
		};
/* End PBXFrameworksBuildPhase section */

/* Begin PBXGroup section */
		EEA09B451F1BD7DB0080B600 = {
			isa = PBXGroup;
			children = (
				EEA09B501F1BD7DB0080B600 /* CustomSegmentedControl */,
				EEA09B4F1F1BD7DB0080B600 /* Products */,
			);
			sourceTree = "<group>";
		};
		EEA09B4F1F1BD7DB0080B600 /* Products */ = {
			isa = PBXGroup;
			children = (
				EEA09B4E1F1BD7DB0080B600 /* CustomSegmentedControl.app */,
			);
			name = Products;
			sourceTree = "<group>";
		};
		EEA09B501F1BD7DB0080B600 /* CustomSegmentedControl */ = {
			isa = PBXGroup;
			children = (
				EEA09B511F1BD7DB0080B600 /* AppDelegate.swift */,
				EEA09B531F1BD7DB0080B600 /* ViewController.swift */,
				EEA09B551F1BD7DB0080B600 /* Main.storyboard */,
				EEA09B581F1BD7DB0080B600 /* Assets.xcassets */,
				EEA09B5A1F1BD7DB0080B600 /* LaunchScreen.storyboard */,
				EEA09B5D1F1BD7DB0080B600 /* Info.plist */,
			);
			path = CustomSegmentedControl;
			sourceTree = "<group>";
		};
/* End PBXGroup section */

/* Begin PBXNativeTarget section */
		EEA09B4D1F1BD7DB0080B600 /* CustomSegmentedControl */ = {
			isa = PBXNativeTarget;
			buildConfigurationList = EEA09B601F1BD7DB0080B600 /* Build configuration list for PBXNativeTarget "CustomSegmentedControl" */;
			buildPhases = (
				EEA09B4A1F1BD7DB0080B600 /* Sources */,
				EEA09B4B1F1BD7DB0080B600 /* Frameworks */,
				EEA09B4C1F1BD7DB0080B600 /* Resources */,
			);
			buildRules = (
			);
			dependencies = (
			);
			name = CustomSegmentedControl;
			productName = CustomSegmentedControl;
			productReference = EEA09B4E1F1BD7DB0080B600 /* CustomSegmentedControl.app */;
			productType = "com.apple.product-type.application";
		};
/* End PBXNativeTarget section */

/* Begin PBXProject section */
		EEA09B461F1BD7DB0080B600 /* Project object */ = {
			isa = PBXProject;
			attributes = {
				LastSwiftUpdateCheck = 0820;
				LastUpgradeCheck = 0820;
				ORGANIZATIONNAME = "Игорь Талов";
				TargetAttributes = {
					EEA09B4D1F1BD7DB0080B600 = {
						CreatedOnToolsVersion = 8.2.1;
						DevelopmentTeam = GU388YC6S7;
						ProvisioningStyle = Automatic;
					};
				};
			};
			buildConfigurationList = EEA09B491F1BD7DB0080B600 /* Build configuration list for PBXProject "CustomSegmentedControl" */;
			compatibilityVersion = "Xcode 3.2";
			developmentRegion = English;
			hasScannedForEncodings = 0;
			knownRegions = (
				en,
				Base,
			);
			mainGroup = EEA09B451F1BD7DB0080B600;
			productRefGroup = EEA09B4F1F1BD7DB0080B600 /* Products */;
			projectDirPath = "";
			projectRoot = "";
			targets = (
				EEA09B4D1F1BD7DB0080B600 /* CustomSegmentedControl */,
			);
		};
/* End PBXProject section */

/* Begin PBXResourcesBuildPhase section */
		EEA09B4C1F1BD7DB0080B600 /* Resources */ = {
			isa = PBXResourcesBuildPhase;
			buildActionMask = 2147483647;
			files = (
				EEA09B5C1F1BD7DB0080B600 /* LaunchScreen.storyboard in Resources */,
				EEA09B591F1BD7DB0080B600 /* Assets.xcassets in Resources */,
				EEA09B571F1BD7DB0080B600 /* Main.storyboard in Resources */,
			);
			runOnlyForDeploymentPostprocessing = 0;
		};
/* End PBXResourcesBuildPhase section */

/* Begin PBXSourcesBuildPhase section */
		EEA09B4A1F1BD7DB0080B600 /* Sources */ = {
			isa = PBXSourcesBuildPhase;
			buildActionMask = 2147483647;
			files = (
				EEA09B541F1BD7DB0080B600 /* ViewController.swift in Sources */,
				EEA09B521F1BD7DB0080B600 /* AppDelegate.swift in Sources */,
			);
			runOnlyForDeploymentPostprocessing = 0;
		};
/* End PBXSourcesBuildPhase section */

/* Begin PBXVariantGroup section */
		EEA09B551F1BD7DB0080B600 /* Main.storyboard */ = {
			isa = PBXVariantGroup;
			children = (
				EEA09B561F1BD7DB0080B600 /* Base */,
			);
			name = Main.storyboard;
			sourceTree = "<group>";
		};
		EEA09B5A1F1BD7DB0080B600 /* LaunchScreen.storyboard */ = {
			isa = PBXVariantGroup;
			children = (
				EEA09B5B1F1BD7DB0080B600 /* Base */,
			);
			name = LaunchScreen.storyboard;
			sourceTree = "<group>";
		};
/* End PBXVariantGroup section */

/* Begin XCBuildConfiguration section */
		EEA09B5E1F1BD7DB0080B600 /* Debug */ = {
			isa = XCBuildConfiguration;
			buildSettings = {
				ALWAYS_SEARCH_USER_PATHS = NO;
				CLANG_ANALYZER_NONNULL = YES;
				CLANG_CXX_LANGUAGE_STANDARD = "gnu++0x";
				CLANG_CXX_LIBRARY = "libc++";
				CLANG_ENABLE_MODULES = YES;
				CLANG_ENABLE_OBJC_ARC = YES;
				CLANG_WARN_BOOL_CONVERSION = YES;
				CLANG_WARN_CONSTANT_CONVERSION = YES;
				CLANG_WARN_DIRECT_OBJC_ISA_USAGE = YES_ERROR;
				CLANG_WARN_DOCUMENTATION_COMMENTS = YES;
				CLANG_WARN_EMPTY_BODY = YES;
				CLANG_WARN_ENUM_CONVERSION = YES;
				CLANG_WARN_INFINITE_RECURSION = YES;
				CLANG_WARN_INT_CONVERSION = YES;
				CLANG_WARN_OBJC_ROOT_CLASS = YES_ERROR;
				CLANG_WARN_SUSPICIOUS_MOVE = YES;
				CLANG_WARN_UNREACHABLE_CODE = YES;
				CLANG_WARN__DUPLICATE_METHOD_MATCH = YES;
				"CODE_SIGN_IDENTITY[sdk=iphoneos*]" = "iPhone Developer";
				COPY_PHASE_STRIP = NO;
				DEBUG_INFORMATION_FORMAT = dwarf;
				ENABLE_STRICT_OBJC_MSGSEND = YES;
				ENABLE_TESTABILITY = YES;
				GCC_C_LANGUAGE_STANDARD = gnu99;
				GCC_DYNAMIC_NO_PIC = NO;
				GCC_NO_COMMON_BLOCKS = YES;
				GCC_OPTIMIZATION_LEVEL = 0;
				GCC_PREPROCESSOR_DEFINITIONS = (
					"DEBUG=1",
					"$(inherited)",
				);
				GCC_WARN_64_TO_32_BIT_CONVERSION = YES;
				GCC_WARN_ABOUT_RETURN_TYPE = YES_ERROR;
				GCC_WARN_UNDECLARED_SELECTOR = YES;
				GCC_WARN_UNINITIALIZED_AUTOS = YES_AGGRESSIVE;
				GCC_WARN_UNUSED_FUNCTION = YES;
				GCC_WARN_UNUSED_VARIABLE = YES;
				IPHONEOS_DEPLOYMENT_TARGET = 10.2;
				MTL_ENABLE_DEBUG_INFO = YES;
				ONLY_ACTIVE_ARCH = YES;
				SDKROOT = iphoneos;
				SWIFT_ACTIVE_COMPILATION_CONDITIONS = DEBUG;
				SWIFT_OPTIMIZATION_LEVEL = "-Onone";
				TARGETED_DEVICE_FAMILY = "1,2";
			};
			name = Debug;
		};
		EEA09B5F1F1BD7DB0080B600 /* Release */ = {
			isa = XCBuildConfiguration;
			buildSettings = {
				ALWAYS_SEARCH_USER_PATHS = NO;
				CLANG_ANALYZER_NONNULL = YES;
				CLANG_CXX_LANGUAGE_STANDARD = "gnu++0x";
				CLANG_CXX_LIBRARY = "libc++";
				CLANG_ENABLE_MODULES = YES;
				CLANG_ENABLE_OBJC_ARC = YES;
				CLANG_WARN_BOOL_CONVERSION = YES;
				CLANG_WARN_CONSTANT_CONVERSION = YES;
				CLANG_WARN_DIRECT_OBJC_ISA_USAGE = YES_ERROR;
				CLANG_WARN_DOCUMENTATION_COMMENTS = YES;
				CLANG_WARN_EMPTY_BODY = YES;
				CLANG_WARN_ENUM_CONVERSION = YES;
				CLANG_WARN_INFINITE_RECURSION = YES;
				CLANG_WARN_INT_CONVERSION = YES;
				CLANG_WARN_OBJC_ROOT_CLASS = YES_ERROR;
				CLANG_WARN_SUSPICIOUS_MOVE = YES;
				CLANG_WARN_UNREACHABLE_CODE = YES;
				CLANG_WARN__DUPLICATE_METHOD_MATCH = YES;
				"CODE_SIGN_IDENTITY[sdk=iphoneos*]" = "iPhone Developer";
				COPY_PHASE_STRIP = NO;
				DEBUG_INFORMATION_FORMAT = "dwarf-with-dsym";
				ENABLE_NS_ASSERTIONS = NO;
				ENABLE_STRICT_OBJC_MSGSEND = YES;
				GCC_C_LANGUAGE_STANDARD = gnu99;
				GCC_NO_COMMON_BLOCKS = YES;
				GCC_WARN_64_TO_32_BIT_CONVERSION = YES;
				GCC_WARN_ABOUT_RETURN_TYPE = YES_ERROR;
				GCC_WARN_UNDECLARED_SELECTOR = YES;
				GCC_WARN_UNINITIALIZED_AUTOS = YES_AGGRESSIVE;
				GCC_WARN_UNUSED_FUNCTION = YES;
				GCC_WARN_UNUSED_VARIABLE = YES;
				IPHONEOS_DEPLOYMENT_TARGET = 10.2;
				MTL_ENABLE_DEBUG_INFO = NO;
				SDKROOT = iphoneos;
				SWIFT_OPTIMIZATION_LEVEL = "-Owholemodule";
				TARGETED_DEVICE_FAMILY = "1,2";
				VALIDATE_PRODUCT = YES;
			};
			name = Release;
		};
		EEA09B611F1BD7DB0080B600 /* Debug */ = {
			isa = XCBuildConfiguration;
			buildSettings = {
				ASSETCATALOG_COMPILER_APPICON_NAME = AppIcon;
				DEVELOPMENT_TEAM = GU388YC6S7;
				INFOPLIST_FILE = CustomSegmentedControl/Info.plist;
				LD_RUNPATH_SEARCH_PATHS = "$(inherited) @executable_path/Frameworks";
				PRODUCT_BUNDLE_IDENTIFIER = com.SealDev.CustomSegmentedControl;
				PRODUCT_NAME = "$(TARGET_NAME)";
				SWIFT_VERSION = 3.0;
			};
			name = Debug;
		};
		EEA09B621F1BD7DB0080B600 /* Release */ = {
			isa = XCBuildConfiguration;
			buildSettings = {
				ASSETCATALOG_COMPILER_APPICON_NAME = AppIcon;
				DEVELOPMENT_TEAM = GU388YC6S7;
				INFOPLIST_FILE = CustomSegmentedControl/Info.plist;
				LD_RUNPATH_SEARCH_PATHS = "$(inherited) @executable_path/Frameworks";
				PRODUCT_BUNDLE_IDENTIFIER = com.SealDev.CustomSegmentedControl;
				PRODUCT_NAME = "$(TARGET_NAME)";
				SWIFT_VERSION = 3.0;
			};
			name = Release;
		};
/* End XCBuildConfiguration section */

/* Begin XCConfigurationList section */
		EEA09B491F1BD7DB0080B600 /* Build configuration list for PBXProject "CustomSegmentedControl" */ = {
			isa = XCConfigurationList;
			buildConfigurations = (
				EEA09B5E1F1BD7DB0080B600 /* Debug */,
				EEA09B5F1F1BD7DB0080B600 /* Release */,
			);
			defaultConfigurationIsVisible = 0;
			defaultConfigurationName = Release;
		};
		EEA09B601F1BD7DB0080B600 /* Build configuration list for PBXNativeTarget "CustomSegmentedControl" */ = {
			isa = XCConfigurationList;
			buildConfigurations = (
				EEA09B611F1BD7DB0080B600 /* Debug */,
				EEA09B621F1BD7DB0080B600 /* Release */,
			);
			defaultConfigurationIsVisible = 0;
		};
/* End XCConfigurationList section */
	};
	rootObject = EEA09B461F1BD7DB0080B600 /* Project object */;
}
